PODS:
  - Alamofire (5.6.4)
  - Cosmos (23.0.0)
  - FittedSheets (2.5.3)
  - MOLH (1.4.3)
  - SDWebImage (5.15.6):
    - SDWebImage/Core (= 5.15.6)
  - SDWebImage/Core (5.15.6)
  - SwiftyCodeView (0.3.6):
    - SwiftyCodeView/Core (= 0.3.6)
  - SwiftyCodeView/Core (0.3.6)
  - Toast-Swift (5.0.1)

DEPENDENCIES:
  - Alamofire
  - Cosmos (~> 23.0)
  - FittedSheets
  - MOLH
  - SDWebImage (~> 5.0)
  - SwiftyCodeView
  - Toast-Swift (~> 5.0.1)

SPEC REPOS:
  https://github.com/CocoaPods/Specs.git:
    - Alamofire
    - Cosmos
    - FittedSheets
    - MOLH
    - SDWebImage
    - SwiftyCodeView
    - Toast-Swift

SPEC CHECKSUMS:
  Alamofire: 4e95d97098eacb88856099c4fc79b526a299e48c
  Cosmos: b5c6a9a637e28a061b54c8f8b1d8529d7d4db73f
  FittedSheets: c22df4c06036515f247951fa174912e8a65c8ce4
  MOLH: e45827d200aeb1310641090fd8cd03ad2b42ae72
  SDWebImage: d47d81bea8a77187896b620dc79c3c528e8906b9
  SwiftyCodeView: 0252e3520749a3fda1a9b141873401f8e6c570ad
  Toast-Swift: 9b6a70f28b3bf0b96c40d46c0c4b9d6639846711

PODFILE CHECKSUM: b620c5561365e9cdb8536664bd5019208c2eba77

COCOAPODS: 1.12.1
